
Microsoft Visual Studio Solution File, Format Version 12.00
# Visual Studio Version 16
VisualStudioVersion = 16.0.29403.142
MinimumVisualStudioVersion = 10.0.40219.1
Project("{9A19103F-16F7-4668-BE54-9A1E7A4F7556}") = "EnrollmentManager.Business", "EnrollmentManager.Business\EnrollmentManager.Business.csproj", "{87EDAAC5-30D4-499C-BA8D-C1AC0EF30D9E}"
EndProject
Project("{2150E333-8FDC-42A3-9474-1A3956D46DE8}") = "Tests", "Tests", "{834A57DE-1954-4818-8251-A86942A910C6}"
EndProject
Project("{9A19103F-16F7-4668-BE54-9A1E7A4F7556}") = "EnrollmentManager.Business.Tests", "Tests\EnrollmentManager.Business.Tests\EnrollmentManager.Business.Tests.csproj", "{BB1E7B3E-B2C5-4D95-BD8A-F75978490CD5}"
EndProject
Project("{FAE04EC0-301F-11D3-BF4B-00C04F79EFBC}") = "EnrollmentManager.InterfaceBusiness", "EnrollmentManager.InterfaceBusiness\EnrollmentManager.InterfaceBusiness.csproj", "{1AF74ACF-EE7D-4E54-8C0F-0BDBAB2DEA6A}"
EndProject
Project("{FAE04EC0-301F-11D3-BF4B-00C04F79EFBC}") = "EnrollmentManager.InterfaceBusiness.Tests", "Tests\EnrollmentManager.InterfaceBusiness.Tests\EnrollmentManager.InterfaceBusiness.Tests.csproj", "{73C3F9BE-E26E-4680-8BA2-F78E780F5507}"
EndProject
Global
	GlobalSection(SolutionConfigurationPlatforms) = preSolution
		Debug|Any CPU = Debug|Any CPU
		Release|Any CPU = Release|Any CPU
	EndGlobalSection
	GlobalSection(ProjectConfigurationPlatforms) = postSolution
		{87EDAAC5-30D4-499C-BA8D-C1AC0EF30D9E}.Debug|Any CPU.ActiveCfg = Debug|Any CPU
		{87EDAAC5-30D4-499C-BA8D-C1AC0EF30D9E}.Debug|Any CPU.Build.0 = Debug|Any CPU
		{87EDAAC5-30D4-499C-BA8D-C1AC0EF30D9E}.Release|Any CPU.ActiveCfg = Release|Any CPU
		{87EDAAC5-30D4-499C-BA8D-C1AC0EF30D9E}.Release|Any CPU.Build.0 = Release|Any CPU
		{BB1E7B3E-B2C5-4D95-BD8A-F75978490CD5}.Debug|Any CPU.ActiveCfg = Debug|Any CPU
		{BB1E7B3E-B2C5-4D95-BD8A-F75978490CD5}.Debug|Any CPU.Build.0 = Debug|Any CPU
		{BB1E7B3E-B2C5-4D95-BD8A-F75978490CD5}.Release|Any CPU.ActiveCfg = Release|Any CPU
		{BB1E7B3E-B2C5-4D95-BD8A-F75978490CD5}.Release|Any CPU.Build.0 = Release|Any CPU
		{1AF74ACF-EE7D-4E54-8C0F-0BDBAB2DEA6A}.Debug|Any CPU.ActiveCfg = Debug|Any CPU
		{1AF74ACF-EE7D-4E54-8C0F-0BDBAB2DEA6A}.Debug|Any CPU.Build.0 = Debug|Any CPU
		{1AF74ACF-EE7D-4E54-8C0F-0BDBAB2DEA6A}.Release|Any CPU.ActiveCfg = Release|Any CPU
		{1AF74ACF-EE7D-4E54-8C0F-0BDBAB2DEA6A}.Release|Any CPU.Build.0 = Release|Any CPU
		{73C3F9BE-E26E-4680-8BA2-F78E780F5507}.Debug|Any CPU.ActiveCfg = Debug|Any CPU
		{73C3F9BE-E26E-4680-8BA2-F78E780F5507}.Debug|Any CPU.Build.0 = Debug|Any CPU
		{73C3F9BE-E26E-4680-8BA2-F78E780F5507}.Release|Any CPU.ActiveCfg = Release|Any CPU
		{73C3F9BE-E26E-4680-8BA2-F78E780F5507}.Release|Any CPU.Build.0 = Release|Any CPU
	EndGlobalSection
	GlobalSection(SolutionProperties) = preSolution
		HideSolutionNode = FALSE
	EndGlobalSection
	GlobalSection(NestedProjects) = preSolution
		{BB1E7B3E-B2C5-4D95-BD8A-F75978490CD5} = {834A57DE-1954-4818-8251-A86942A910C6}
		{73C3F9BE-E26E-4680-8BA2-F78E780F5507} = {834A57DE-1954-4818-8251-A86942A910C6}
	EndGlobalSection
	GlobalSection(ExtensibilityGlobals) = postSolution
		SolutionGuid = {507CC643-47F5-43FB-8925-EE578E65C73F}
	EndGlobalSection
EndGlobal
